
Microsoft Visual Studio Solution File, Format Version 12.00
# Visual Studio 14
VisualStudioVersion = 14.0.25420.1
MinimumVisualStudioVersion = 10.0.40219.1
Project("{8BC9CEB8-8B4A-11D0-8D11-00A0C91BC942}") = "Arduino", "Arduino.vcxproj", "{C5F80730-F44F-4478-BDAE-6634EFC2CA88}"
EndProject
Project("{8BC9CEB8-8B4A-11D0-8D11-00A0C91BC942}") = "SimpleDHT", "..\libraries\SimpleDHT\SimpleDHT.vcxitems", "{4C43EE6C-A2C6-4728-8BD9-B62AEB97D205}"
EndProject
Project("{8BC9CEB8-8B4A-11D0-8D11-00A0C91BC942}") = "SoftwareSerial", "..\..\..\AppData\Local\arduino15\packages\arduino\hardware\avr\1.6.23\libraries\SoftwareSerial\SoftwareSerial.vcxitems", "{21F5914A-9F1D-44DF-8476-D2712A0F9B1B}"
EndProject
Project("{8BC9CEB8-8B4A-11D0-8D11-00A0C91BC942}") = "LiquidCrystal_I2C", "..\libraries\LiquidCrystal_I2C\LiquidCrystal_I2C.vcxitems", "{14F0A1B0-FC92-4FBD-B0BF-0C8302A66311}"
EndProject
Project("{8BC9CEB8-8B4A-11D0-8D11-00A0C91BC942}") = "SevSeg-master", "..\libraries\SevSeg-master\SevSeg-master.vcxitems", "{7DF514D9-B31C-4E18-A2B3-E7F62EA418AD}"
EndProject
Project("{8BC9CEB8-8B4A-11D0-8D11-00A0C91BC942}") = "Wire", "..\..\..\AppData\Local\arduino15\packages\arduino\hardware\avr\1.6.23\libraries\Wire\Wire.vcxitems", "{A78A0E1D-4096-4F2C-B399-B2EA35CAAA3A}"
EndProject
Project("{8BC9CEB8-8B4A-11D0-8D11-00A0C91BC942}") = "Keypad", "..\libraries\Keypad\Keypad.vcxitems", "{7192FB81-CB7C-45E2-94F8-A700C1F78DB0}"
EndProject
Project("{8BC9CEB8-8B4A-11D0-8D11-00A0C91BC942}") = "Adafruit_GFX_Library", "..\libraries\Adafruit_GFX_Library\Adafruit_GFX_Library.vcxitems", "{C136B0BD-8357-48CB-9F0B-2EFB59E96339}"
EndProject
Project("{8BC9CEB8-8B4A-11D0-8D11-00A0C91BC942}") = "RemoteXY", "..\libraries\RemoteXY\RemoteXY.vcxitems", "{D444BE3B-6DCC-49BB-BF87-009184BE261D}"
EndProject
Project("{8BC9CEB8-8B4A-11D0-8D11-00A0C91BC942}") = "SPI", "..\..\..\AppData\Local\arduino15\packages\arduino\hardware\avr\1.6.23\libraries\SPI\SPI.vcxitems", "{50F6710A-DBB0-4FB1-A000-25E292CC2F47}"
EndProject
Project("{8BC9CEB8-8B4A-11D0-8D11-00A0C91BC942}") = "Adafruit_SSD1306", "..\libraries\Adafruit_SSD1306\Adafruit_SSD1306.vcxitems", "{81AAC871-1592-4901-A36F-B562AE7265D8}"
EndProject
Project("{8BC9CEB8-8B4A-11D0-8D11-00A0C91BC942}") = "U8glib-1.19.1", "..\libraries\U8glib-1.19.1\U8glib-1.19.1.vcxitems", "{862B609A-66D3-4497-A05E-DB3AD386D4A8}"
EndProject
Global
	GlobalSection(SolutionConfigurationPlatforms) = preSolution
		Debug|x86 = Debug|x86
		Release|x86 = Release|x86
	EndGlobalSection
	GlobalSection(ProjectConfigurationPlatforms) = postSolution
		{C5F80730-F44F-4478-BDAE-6634EFC2CA88}.Debug|x86.ActiveCfg = Debug|Win32
		{C5F80730-F44F-4478-BDAE-6634EFC2CA88}.Debug|x86.Build.0 = Debug|Win32
		{C5F80730-F44F-4478-BDAE-6634EFC2CA88}.Release|x86.ActiveCfg = Release|Win32
		{C5F80730-F44F-4478-BDAE-6634EFC2CA88}.Release|x86.Build.0 = Release|Win32
	EndGlobalSection
	GlobalSection(SolutionProperties) = preSolution
		HideSolutionNode = FALSE
	EndGlobalSection
EndGlobal
